
Microsoft Visual Studio Solution File, Format Version 12.00
# Visual Studio Version 17
VisualStudioVersion = 17.9.34728.123
MinimumVisualStudioVersion = 10.0.40219.1
Project("{FAE04EC0-301F-11D3-BF4B-00C04F79EFBC}") = "Core", "Core\Core.csproj", "{4FAC8C6C-BF5E-499B-A5B2-57751D5E2BAA}"
EndProject
Project("{FAE04EC0-301F-11D3-BF4B-00C04F79EFBC}") = "Contracts", "Contracts\Contracts.csproj", "{FB0BDBAF-9D2F-4ACF-BCD0-CCCE4E7CF1FB}"
EndProject
Project("{FAE04EC0-301F-11D3-BF4B-00C04F79EFBC}") = "LoggerService", "LoggerService\LoggerService.csproj", "{86ADE120-6E24-4FEB-B31B-5F637AAE9ED5}"
EndProject
Project("{FAE04EC0-301F-11D3-BF4B-00C04F79EFBC}") = "Entities", "Entities\Entities.csproj", "{0C9C9901-1284-4FE2-AF21-296FBCF78891}"
EndProject
Project("{FAE04EC0-301F-11D3-BF4B-00C04F79EFBC}") = "Repository", "Repository\Repository.csproj", "{D151E61C-D414-4CF6-90F1-B522B49B787A}"
EndProject
Project("{FAE04EC0-301F-11D3-BF4B-00C04F79EFBC}") = "Service", "Service\Service.csproj", "{61D95C89-485F-486E-94AE-5EC00FB80040}"
EndProject
Project("{FAE04EC0-301F-11D3-BF4B-00C04F79EFBC}") = "Presentation", "Presentation\Presentation.csproj", "{E1235BAF-82BB-42AC-B8FD-0F28F0FE0AE6}"
EndProject
Project("{FAE04EC0-301F-11D3-BF4B-00C04F79EFBC}") = "Shared", "Shared\Shared.csproj", "{AEFF0184-A308-439F-ABC3-B88FCB68DBF8}"
EndProject
Project("{FAE04EC0-301F-11D3-BF4B-00C04F79EFBC}") = "Core.Test", "test\Core.Test\Core.Test.csproj", "{BD24CE27-28B8-4DF7-AC9C-3D9BC304AEA1}"
EndProject
Global
	GlobalSection(SolutionConfigurationPlatforms) = preSolution
		Debug|Any CPU = Debug|Any CPU
		Release|Any CPU = Release|Any CPU
	EndGlobalSection
	GlobalSection(ProjectConfigurationPlatforms) = postSolution
		{4FAC8C6C-BF5E-499B-A5B2-57751D5E2BAA}.Debug|Any CPU.ActiveCfg = Debug|Any CPU
		{4FAC8C6C-BF5E-499B-A5B2-57751D5E2BAA}.Debug|Any CPU.Build.0 = Debug|Any CPU
		{4FAC8C6C-BF5E-499B-A5B2-57751D5E2BAA}.Release|Any CPU.ActiveCfg = Release|Any CPU
		{4FAC8C6C-BF5E-499B-A5B2-57751D5E2BAA}.Release|Any CPU.Build.0 = Release|Any CPU
		{FB0BDBAF-9D2F-4ACF-BCD0-CCCE4E7CF1FB}.Debug|Any CPU.ActiveCfg = Debug|Any CPU
		{FB0BDBAF-9D2F-4ACF-BCD0-CCCE4E7CF1FB}.Debug|Any CPU.Build.0 = Debug|Any CPU
		{FB0BDBAF-9D2F-4ACF-BCD0-CCCE4E7CF1FB}.Release|Any CPU.ActiveCfg = Release|Any CPU
		{FB0BDBAF-9D2F-4ACF-BCD0-CCCE4E7CF1FB}.Release|Any CPU.Build.0 = Release|Any CPU
		{86ADE120-6E24-4FEB-B31B-5F637AAE9ED5}.Debug|Any CPU.ActiveCfg = Debug|Any CPU
		{86ADE120-6E24-4FEB-B31B-5F637AAE9ED5}.Debug|Any CPU.Build.0 = Debug|Any CPU
		{86ADE120-6E24-4FEB-B31B-5F637AAE9ED5}.Release|Any CPU.ActiveCfg = Release|Any CPU
		{86ADE120-6E24-4FEB-B31B-5F637AAE9ED5}.Release|Any CPU.Build.0 = Release|Any CPU
		{0C9C9901-1284-4FE2-AF21-296FBCF78891}.Debug|Any CPU.ActiveCfg = Debug|Any CPU
		{0C9C9901-1284-4FE2-AF21-296FBCF78891}.Debug|Any CPU.Build.0 = Debug|Any CPU
		{0C9C9901-1284-4FE2-AF21-296FBCF78891}.Release|Any CPU.ActiveCfg = Release|Any CPU
		{0C9C9901-1284-4FE2-AF21-296FBCF78891}.Release|Any CPU.Build.0 = Release|Any CPU
		{D151E61C-D414-4CF6-90F1-B522B49B787A}.Debug|Any CPU.ActiveCfg = Debug|Any CPU
		{D151E61C-D414-4CF6-90F1-B522B49B787A}.Debug|Any CPU.Build.0 = Debug|Any CPU
		{D151E61C-D414-4CF6-90F1-B522B49B787A}.Release|Any CPU.ActiveCfg = Release|Any CPU
		{D151E61C-D414-4CF6-90F1-B522B49B787A}.Release|Any CPU.Build.0 = Release|Any CPU
		{61D95C89-485F-486E-94AE-5EC00FB80040}.Debug|Any CPU.ActiveCfg = Debug|Any CPU
		{61D95C89-485F-486E-94AE-5EC00FB80040}.Debug|Any CPU.Build.0 = Debug|Any CPU
		{61D95C89-485F-486E-94AE-5EC00FB80040}.Release|Any CPU.ActiveCfg = Release|Any CPU
		{61D95C89-485F-486E-94AE-5EC00FB80040}.Release|Any CPU.Build.0 = Release|Any CPU
		{E1235BAF-82BB-42AC-B8FD-0F28F0FE0AE6}.Debug|Any CPU.ActiveCfg = Debug|Any CPU
		{E1235BAF-82BB-42AC-B8FD-0F28F0FE0AE6}.Debug|Any CPU.Build.0 = Debug|Any CPU
		{E1235BAF-82BB-42AC-B8FD-0F28F0FE0AE6}.Release|Any CPU.ActiveCfg = Release|Any CPU
		{E1235BAF-82BB-42AC-B8FD-0F28F0FE0AE6}.Release|Any CPU.Build.0 = Release|Any CPU
		{AEFF0184-A308-439F-ABC3-B88FCB68DBF8}.Debug|Any CPU.ActiveCfg = Debug|Any CPU
		{AEFF0184-A308-439F-ABC3-B88FCB68DBF8}.Debug|Any CPU.Build.0 = Debug|Any CPU
		{AEFF0184-A308-439F-ABC3-B88FCB68DBF8}.Release|Any CPU.ActiveCfg = Release|Any CPU
		{AEFF0184-A308-439F-ABC3-B88FCB68DBF8}.Release|Any CPU.Build.0 = Release|Any CPU
		{BD24CE27-28B8-4DF7-AC9C-3D9BC304AEA1}.Debug|Any CPU.ActiveCfg = Debug|Any CPU
		{BD24CE27-28B8-4DF7-AC9C-3D9BC304AEA1}.Debug|Any CPU.Build.0 = Debug|Any CPU
		{BD24CE27-28B8-4DF7-AC9C-3D9BC304AEA1}.Release|Any CPU.ActiveCfg = Release|Any CPU
		{BD24CE27-28B8-4DF7-AC9C-3D9BC304AEA1}.Release|Any CPU.Build.0 = Release|Any CPU
	EndGlobalSection
	GlobalSection(SolutionProperties) = preSolution
		HideSolutionNode = FALSE
	EndGlobalSection
	GlobalSection(ExtensibilityGlobals) = postSolution
		SolutionGuid = {0C633AA9-C50B-4E9A-8E92-3F68CBB59362}
	EndGlobalSection
EndGlobal
